
Microsoft Visual Studio Solution File, Format Version 12.00
# Visual Studio Version 16
VisualStudioVersion = 16.0.31402.337
MinimumVisualStudioVersion = 10.0.40219.1
Project("{FAE04EC0-301F-11D3-BF4B-00C04F79EFBC}") = "ChatTool.Domain", "ChatTool.Domain\ChatTool.Domain.csproj", "{47636EBF-3CA3-486B-B057-7B967EBE1CD3}"
EndProject
Project("{FAE04EC0-301F-11D3-BF4B-00C04F79EFBC}") = "ChatTool.Persistent", "ChatTool.Persistent\ChatTool.Persistent.csproj", "{57E29DDF-57DB-43E8-B5E1-9EAE1EA4BFAA}"
EndProject
Project("{FAE04EC0-301F-11D3-BF4B-00C04F79EFBC}") = "ChatTool.Persistent.Tests", "ChatTool.Persistent.Tests\ChatTool.Persistent.Tests.csproj", "{CEB589EC-6F1A-44D1-9918-41A4111A91C1}"
EndProject
Project("{FAE04EC0-301F-11D3-BF4B-00C04F79EFBC}") = "ChatTool.Server", "ChatTool.Server\ChatTool.Server.csproj", "{0B5FF593-8EC6-4CFB-BF5F-06C34B778E26}"
EndProject
Project("{FAE04EC0-301F-11D3-BF4B-00C04F79EFBC}") = "ChatTool.Server.Tests", "ChatTool.Server.Tests\ChatTool.Server.Tests.csproj", "{93DCF9CE-B085-4EA9-A2CA-5C7DC416CF98}"
EndProject
Project("{FAE04EC0-301F-11D3-BF4B-00C04F79EFBC}") = "ChatTool.UI", "ChatTool.UI\ChatTool.UI.csproj", "{0F1421CA-E647-459E-92D6-54EFAF878307}"
EndProject
Global
	GlobalSection(SolutionConfigurationPlatforms) = preSolution
		Debug|Any CPU = Debug|Any CPU
		Release|Any CPU = Release|Any CPU
	EndGlobalSection
	GlobalSection(ProjectConfigurationPlatforms) = postSolution
		{47636EBF-3CA3-486B-B057-7B967EBE1CD3}.Debug|Any CPU.ActiveCfg = Debug|Any CPU
		{47636EBF-3CA3-486B-B057-7B967EBE1CD3}.Debug|Any CPU.Build.0 = Debug|Any CPU
		{47636EBF-3CA3-486B-B057-7B967EBE1CD3}.Release|Any CPU.ActiveCfg = Release|Any CPU
		{47636EBF-3CA3-486B-B057-7B967EBE1CD3}.Release|Any CPU.Build.0 = Release|Any CPU
		{57E29DDF-57DB-43E8-B5E1-9EAE1EA4BFAA}.Debug|Any CPU.ActiveCfg = Debug|Any CPU
		{57E29DDF-57DB-43E8-B5E1-9EAE1EA4BFAA}.Debug|Any CPU.Build.0 = Debug|Any CPU
		{57E29DDF-57DB-43E8-B5E1-9EAE1EA4BFAA}.Release|Any CPU.ActiveCfg = Release|Any CPU
		{57E29DDF-57DB-43E8-B5E1-9EAE1EA4BFAA}.Release|Any CPU.Build.0 = Release|Any CPU
		{CEB589EC-6F1A-44D1-9918-41A4111A91C1}.Debug|Any CPU.ActiveCfg = Debug|Any CPU
		{CEB589EC-6F1A-44D1-9918-41A4111A91C1}.Debug|Any CPU.Build.0 = Debug|Any CPU
		{CEB589EC-6F1A-44D1-9918-41A4111A91C1}.Release|Any CPU.ActiveCfg = Release|Any CPU
		{CEB589EC-6F1A-44D1-9918-41A4111A91C1}.Release|Any CPU.Build.0 = Release|Any CPU
		{0B5FF593-8EC6-4CFB-BF5F-06C34B778E26}.Debug|Any CPU.ActiveCfg = Debug|Any CPU
		{0B5FF593-8EC6-4CFB-BF5F-06C34B778E26}.Debug|Any CPU.Build.0 = Debug|Any CPU
		{0B5FF593-8EC6-4CFB-BF5F-06C34B778E26}.Release|Any CPU.ActiveCfg = Release|Any CPU
		{0B5FF593-8EC6-4CFB-BF5F-06C34B778E26}.Release|Any CPU.Build.0 = Release|Any CPU
		{93DCF9CE-B085-4EA9-A2CA-5C7DC416CF98}.Debug|Any CPU.ActiveCfg = Debug|Any CPU
		{93DCF9CE-B085-4EA9-A2CA-5C7DC416CF98}.Debug|Any CPU.Build.0 = Debug|Any CPU
		{93DCF9CE-B085-4EA9-A2CA-5C7DC416CF98}.Release|Any CPU.ActiveCfg = Release|Any CPU
		{93DCF9CE-B085-4EA9-A2CA-5C7DC416CF98}.Release|Any CPU.Build.0 = Release|Any CPU
		{0F1421CA-E647-459E-92D6-54EFAF878307}.Debug|Any CPU.ActiveCfg = Debug|Any CPU
		{0F1421CA-E647-459E-92D6-54EFAF878307}.Debug|Any CPU.Build.0 = Debug|Any CPU
		{0F1421CA-E647-459E-92D6-54EFAF878307}.Release|Any CPU.ActiveCfg = Release|Any CPU
		{0F1421CA-E647-459E-92D6-54EFAF878307}.Release|Any CPU.Build.0 = Release|Any CPU
	EndGlobalSection
	GlobalSection(SolutionProperties) = preSolution
		HideSolutionNode = FALSE
	EndGlobalSection
	GlobalSection(ExtensibilityGlobals) = postSolution
		SolutionGuid = {F9C37CD6-1EA9-4375-8558-61363D89B0F6}
	EndGlobalSection
EndGlobal
